
Microsoft Visual Studio Solution File, Format Version 12.00
# Visual Studio Version 16
VisualStudioVersion = 16.0.30128.74
MinimumVisualStudioVersion = 10.0.40219.1
Project("{FAE04EC0-301F-11D3-BF4B-00C04F79EFBC}") = "sovos_ramonvalerio.core", "sovos_ramonvalerio.core\sovos_ramonvalerio.core.csproj", "{C563E18F-44CF-4AFD-8CB8-BC252CDDBF7C}"
EndProject
Project("{FAE04EC0-301F-11D3-BF4B-00C04F79EFBC}") = "sovos_ramonvalerio.core.test", "sovos_ramonvalerio.core.test\sovos_ramonvalerio.core.test.csproj", "{28F4A5D5-A5D6-4ADC-A442-21418F040587}"
EndProject
Global
	GlobalSection(SolutionConfigurationPlatforms) = preSolution
		Debug|Any CPU = Debug|Any CPU
		Release|Any CPU = Release|Any CPU
	EndGlobalSection
	GlobalSection(ProjectConfigurationPlatforms) = postSolution
		{C563E18F-44CF-4AFD-8CB8-BC252CDDBF7C}.Debug|Any CPU.ActiveCfg = Debug|Any CPU
		{C563E18F-44CF-4AFD-8CB8-BC252CDDBF7C}.Debug|Any CPU.Build.0 = Debug|Any CPU
		{C563E18F-44CF-4AFD-8CB8-BC252CDDBF7C}.Release|Any CPU.ActiveCfg = Release|Any CPU
		{C563E18F-44CF-4AFD-8CB8-BC252CDDBF7C}.Release|Any CPU.Build.0 = Release|Any CPU
		{28F4A5D5-A5D6-4ADC-A442-21418F040587}.Debug|Any CPU.ActiveCfg = Debug|Any CPU
		{28F4A5D5-A5D6-4ADC-A442-21418F040587}.Debug|Any CPU.Build.0 = Debug|Any CPU
		{28F4A5D5-A5D6-4ADC-A442-21418F040587}.Release|Any CPU.ActiveCfg = Release|Any CPU
		{28F4A5D5-A5D6-4ADC-A442-21418F040587}.Release|Any CPU.Build.0 = Release|Any CPU
	EndGlobalSection
	GlobalSection(SolutionProperties) = preSolution
		HideSolutionNode = FALSE
	EndGlobalSection
	GlobalSection(ExtensibilityGlobals) = postSolution
		SolutionGuid = {20C7FE76-E352-43DA-8C72-43F4D01E583B}
	EndGlobalSection
EndGlobal
